
Microsoft Visual Studio Solution File, Format Version 12.00
# Visual Studio Version 16
VisualStudioVersion = 16.0.31515.178
MinimumVisualStudioVersion = 10.0.40219.1
Project("{8BC9CEB8-8B4A-11D0-8D11-00A0C91BC942}") = "Problem_001", "Problem_001\Problem_001.vcxproj", "{A2676DA5-9DE3-4DB6-A370-AE82F4977A58}"
EndProject
Project("{8BC9CEB8-8B4A-11D0-8D11-00A0C91BC942}") = "Problem_002", "Problem_002\Problem_002.vcxproj", "{45BD2CC0-EA72-4136-B5AD-6BAD8A97E48A}"
EndProject
Project("{8BC9CEB8-8B4A-11D0-8D11-00A0C91BC942}") = "Problem_003", "Problem_003\Problem_003.vcxproj", "{FEE984A8-D39A-4D73-9495-9FE36E306BC7}"
EndProject
Project("{8BC9CEB8-8B4A-11D0-8D11-00A0C91BC942}") = "Problem_004", "Problem_004\Problem_004.vcxproj", "{96C3D12E-C9E3-408F-92DA-B7171A0C5FA2}"
EndProject
Project("{8BC9CEB8-8B4A-11D0-8D11-00A0C91BC942}") = "Problem_005", "Problem_005\Problem_005.vcxproj", "{BCF32941-7524-43B8-97DF-0E6F8ECE73A8}"
EndProject
Project("{8BC9CEB8-8B4A-11D0-8D11-00A0C91BC942}") = "Problem_006", "Problem_006\Problem_006.vcxproj", "{AE80EC10-0488-460A-85B4-39DBCFAF842A}"
EndProject
Global
	GlobalSection(SolutionConfigurationPlatforms) = preSolution
		Debug|x64 = Debug|x64
		Release|x64 = Release|x64
	EndGlobalSection
	GlobalSection(ProjectConfigurationPlatforms) = postSolution
		{A2676DA5-9DE3-4DB6-A370-AE82F4977A58}.Debug|x64.ActiveCfg = Debug|x64
		{A2676DA5-9DE3-4DB6-A370-AE82F4977A58}.Debug|x64.Build.0 = Debug|x64
		{A2676DA5-9DE3-4DB6-A370-AE82F4977A58}.Release|x64.ActiveCfg = Release|x64
		{A2676DA5-9DE3-4DB6-A370-AE82F4977A58}.Release|x64.Build.0 = Release|x64
		{45BD2CC0-EA72-4136-B5AD-6BAD8A97E48A}.Debug|x64.ActiveCfg = Debug|x64
		{45BD2CC0-EA72-4136-B5AD-6BAD8A97E48A}.Debug|x64.Build.0 = Debug|x64
		{45BD2CC0-EA72-4136-B5AD-6BAD8A97E48A}.Release|x64.ActiveCfg = Release|x64
		{45BD2CC0-EA72-4136-B5AD-6BAD8A97E48A}.Release|x64.Build.0 = Release|x64
		{FEE984A8-D39A-4D73-9495-9FE36E306BC7}.Debug|x64.ActiveCfg = Debug|x64
		{FEE984A8-D39A-4D73-9495-9FE36E306BC7}.Debug|x64.Build.0 = Debug|x64
		{FEE984A8-D39A-4D73-9495-9FE36E306BC7}.Release|x64.ActiveCfg = Release|x64
		{FEE984A8-D39A-4D73-9495-9FE36E306BC7}.Release|x64.Build.0 = Release|x64
		{96C3D12E-C9E3-408F-92DA-B7171A0C5FA2}.Debug|x64.ActiveCfg = Debug|x64
		{96C3D12E-C9E3-408F-92DA-B7171A0C5FA2}.Debug|x64.Build.0 = Debug|x64
		{96C3D12E-C9E3-408F-92DA-B7171A0C5FA2}.Release|x64.ActiveCfg = Release|x64
		{96C3D12E-C9E3-408F-92DA-B7171A0C5FA2}.Release|x64.Build.0 = Release|x64
		{BCF32941-7524-43B8-97DF-0E6F8ECE73A8}.Debug|x64.ActiveCfg = Debug|x64
		{BCF32941-7524-43B8-97DF-0E6F8ECE73A8}.Debug|x64.Build.0 = Debug|x64
		{BCF32941-7524-43B8-97DF-0E6F8ECE73A8}.Release|x64.ActiveCfg = Release|x64
		{BCF32941-7524-43B8-97DF-0E6F8ECE73A8}.Release|x64.Build.0 = Release|x64
		{AE80EC10-0488-460A-85B4-39DBCFAF842A}.Debug|x64.ActiveCfg = Debug|x64
		{AE80EC10-0488-460A-85B4-39DBCFAF842A}.Debug|x64.Build.0 = Debug|x64
		{AE80EC10-0488-460A-85B4-39DBCFAF842A}.Release|x64.ActiveCfg = Release|x64
		{AE80EC10-0488-460A-85B4-39DBCFAF842A}.Release|x64.Build.0 = Release|x64
	EndGlobalSection
	GlobalSection(SolutionProperties) = preSolution
		HideSolutionNode = FALSE
	EndGlobalSection
	GlobalSection(ExtensibilityGlobals) = postSolution
		SolutionGuid = {177C837B-060C-40B6-9840-CA58059D5980}
	EndGlobalSection
EndGlobal
